
Microsoft Visual Studio Solution File, Format Version 12.00
# Visual Studio 15
VisualStudioVersion = 15.0.28307.1738
MinimumVisualStudioVersion = 10.0.40219.1
Project("{FAE04EC0-301F-11D3-BF4B-00C04F79EFBC}") = "RegistroDeUsuario(GitHub)", "RegistroDeUsuario(GitHub)\RegistroDeUsuario(GitHub).csproj", "{7A67833C-9B6D-48C9-BF41-A7296ED72C8E}"
EndProject
Global
	GlobalSection(SolutionConfigurationPlatforms) = preSolution
		Debug|Any CPU = Debug|Any CPU
		Release|Any CPU = Release|Any CPU
	EndGlobalSection
	GlobalSection(ProjectConfigurationPlatforms) = postSolution
		{7A67833C-9B6D-48C9-BF41-A7296ED72C8E}.Debug|Any CPU.ActiveCfg = Debug|Any CPU
		{7A67833C-9B6D-48C9-BF41-A7296ED72C8E}.Debug|Any CPU.Build.0 = Debug|Any CPU
		{7A67833C-9B6D-48C9-BF41-A7296ED72C8E}.Release|Any CPU.ActiveCfg = Release|Any CPU
		{7A67833C-9B6D-48C9-BF41-A7296ED72C8E}.Release|Any CPU.Build.0 = Release|Any CPU
	EndGlobalSection
	GlobalSection(SolutionProperties) = preSolution
		HideSolutionNode = FALSE
	EndGlobalSection
	GlobalSection(ExtensibilityGlobals) = postSolution
		SolutionGuid = {6E221225-54AD-4121-8A9E-93E7B60C4596}
	EndGlobalSection
EndGlobal
